{
  "name": "homebridge-startline",
  "version": "1.0.2",
  "lockfileVersion": 1,
  "requires": true,
  "dependencies": {
    "homebridge-raspberrypi-temperature": {
      "version": "0.0.7",
      "resolved": "https://registry.npmjs.org/homebridge-raspberrypi-temperature/-/homebridge-raspberrypi-temperature-0.0.7.tgz",
      "integrity": "sha512-R14/faD8bq2zoh7F7cjOJY64XR3K7SS5p72y2JdEJjgEpsASNznmhUs+K7+g/3nqgwVHaJ8HTIpv9YPCfsj3Tw=="
    }
  }
}
